
Microsoft Visual Studio Solution File, Format Version 12.00
# Visual Studio 15
VisualStudioVersion = 15.0.28307.329
MinimumVisualStudioVersion = 10.0.40219.1
Project("{FAE04EC0-301F-11D3-BF4B-00C04F79EFBC}") = "StacksAndQueues", "StacksAndQueues\StacksAndQueues.csproj", "{8DA1C41D-672B-4CB3-9166-586787E01572}"
EndProject
Global
	GlobalSection(SolutionConfigurationPlatforms) = preSolution
		Debug|Any CPU = Debug|Any CPU
		Release|Any CPU = Release|Any CPU
	EndGlobalSection
	GlobalSection(ProjectConfigurationPlatforms) = postSolution
		{8DA1C41D-672B-4CB3-9166-586787E01572}.Debug|Any CPU.ActiveCfg = Debug|Any CPU
		{8DA1C41D-672B-4CB3-9166-586787E01572}.Debug|Any CPU.Build.0 = Debug|Any CPU
		{8DA1C41D-672B-4CB3-9166-586787E01572}.Release|Any CPU.ActiveCfg = Release|Any CPU
		{8DA1C41D-672B-4CB3-9166-586787E01572}.Release|Any CPU.Build.0 = Release|Any CPU
	EndGlobalSection
	GlobalSection(SolutionProperties) = preSolution
		HideSolutionNode = FALSE
	EndGlobalSection
	GlobalSection(ExtensibilityGlobals) = postSolution
		SolutionGuid = {E6F00B0A-6711-425D-8365-46FCF4160F80}
	EndGlobalSection
EndGlobal
